
Microsoft Visual Studio Solution File, Format Version 12.00
# Visual Studio Version 16
VisualStudioVersion = 16.0.31702.278
MinimumVisualStudioVersion = 10.0.40219.1
Project("{FAE04EC0-301F-11D3-BF4B-00C04F79EFBC}") = "Consola", "Consola\Consola.csproj", "{799071CD-BB16-4C03-9878-EA48855E8CBA}"
EndProject
Project("{2150E333-8FDC-42A3-9474-1A3956D46DE8}") = "Capitulos", "Capitulos", "{B50EA4EF-1BE1-4054-97A3-93BE62149A99}"
EndProject
Project("{FAE04EC0-301F-11D3-BF4B-00C04F79EFBC}") = "A.StoringAndAccessingData", "A.StoringAndAccessingData\A.StoringAndAccessingData.csproj", "{3D4EC6E7-D978-4368-B1DF-3ACB6D584961}"
EndProject
Global
	GlobalSection(SolutionConfigurationPlatforms) = preSolution
		Debug|Any CPU = Debug|Any CPU
		Release|Any CPU = Release|Any CPU
	EndGlobalSection
	GlobalSection(ProjectConfigurationPlatforms) = postSolution
		{799071CD-BB16-4C03-9878-EA48855E8CBA}.Debug|Any CPU.ActiveCfg = Debug|Any CPU
		{799071CD-BB16-4C03-9878-EA48855E8CBA}.Debug|Any CPU.Build.0 = Debug|Any CPU
		{799071CD-BB16-4C03-9878-EA48855E8CBA}.Release|Any CPU.ActiveCfg = Release|Any CPU
		{799071CD-BB16-4C03-9878-EA48855E8CBA}.Release|Any CPU.Build.0 = Release|Any CPU
		{3D4EC6E7-D978-4368-B1DF-3ACB6D584961}.Debug|Any CPU.ActiveCfg = Debug|Any CPU
		{3D4EC6E7-D978-4368-B1DF-3ACB6D584961}.Debug|Any CPU.Build.0 = Debug|Any CPU
		{3D4EC6E7-D978-4368-B1DF-3ACB6D584961}.Release|Any CPU.ActiveCfg = Release|Any CPU
		{3D4EC6E7-D978-4368-B1DF-3ACB6D584961}.Release|Any CPU.Build.0 = Release|Any CPU
	EndGlobalSection
	GlobalSection(SolutionProperties) = preSolution
		HideSolutionNode = FALSE
	EndGlobalSection
	GlobalSection(NestedProjects) = preSolution
		{3D4EC6E7-D978-4368-B1DF-3ACB6D584961} = {B50EA4EF-1BE1-4054-97A3-93BE62149A99}
	EndGlobalSection
	GlobalSection(ExtensibilityGlobals) = postSolution
		SolutionGuid = {55B79FF8-7D84-4EE3-A6F1-BD5222CBF24C}
	EndGlobalSection
EndGlobal
